
Microsoft Visual Studio Solution File, Format Version 12.00
# Visual Studio Version 17
VisualStudioVersion = 17.9.34728.123
MinimumVisualStudioVersion = 10.0.40219.1
Project("{FAE04EC0-301F-11D3-BF4B-00C04F79EFBC}") = "project_1", "project_1\project_1.csproj", "{FF41692F-6F4C-4326-B7C4-F657B8FB5B9C}"
EndProject
Project("{FAE04EC0-301F-11D3-BF4B-00C04F79EFBC}") = "project_2", "project_2\project_2.csproj", "{F1E38979-352F-4393-AA5C-34025BB45BF6}"
EndProject
Project("{FAE04EC0-301F-11D3-BF4B-00C04F79EFBC}") = "project_3", "project_3\project_3.csproj", "{3E0F484F-8CFB-4CDC-A7F9-AE12E1565F4A}"
EndProject
Global
	GlobalSection(SolutionConfigurationPlatforms) = preSolution
		Debug|Any CPU = Debug|Any CPU
		Release|Any CPU = Release|Any CPU
	EndGlobalSection
	GlobalSection(ProjectConfigurationPlatforms) = postSolution
		{FF41692F-6F4C-4326-B7C4-F657B8FB5B9C}.Debug|Any CPU.ActiveCfg = Debug|Any CPU
		{FF41692F-6F4C-4326-B7C4-F657B8FB5B9C}.Debug|Any CPU.Build.0 = Debug|Any CPU
		{FF41692F-6F4C-4326-B7C4-F657B8FB5B9C}.Release|Any CPU.ActiveCfg = Release|Any CPU
		{FF41692F-6F4C-4326-B7C4-F657B8FB5B9C}.Release|Any CPU.Build.0 = Release|Any CPU
		{F1E38979-352F-4393-AA5C-34025BB45BF6}.Debug|Any CPU.ActiveCfg = Debug|Any CPU
		{F1E38979-352F-4393-AA5C-34025BB45BF6}.Debug|Any CPU.Build.0 = Debug|Any CPU
		{F1E38979-352F-4393-AA5C-34025BB45BF6}.Release|Any CPU.ActiveCfg = Release|Any CPU
		{F1E38979-352F-4393-AA5C-34025BB45BF6}.Release|Any CPU.Build.0 = Release|Any CPU
		{3E0F484F-8CFB-4CDC-A7F9-AE12E1565F4A}.Debug|Any CPU.ActiveCfg = Debug|Any CPU
		{3E0F484F-8CFB-4CDC-A7F9-AE12E1565F4A}.Debug|Any CPU.Build.0 = Debug|Any CPU
		{3E0F484F-8CFB-4CDC-A7F9-AE12E1565F4A}.Release|Any CPU.ActiveCfg = Release|Any CPU
		{3E0F484F-8CFB-4CDC-A7F9-AE12E1565F4A}.Release|Any CPU.Build.0 = Release|Any CPU
	EndGlobalSection
	GlobalSection(SolutionProperties) = preSolution
		HideSolutionNode = FALSE
	EndGlobalSection
	GlobalSection(ExtensibilityGlobals) = postSolution
		SolutionGuid = {50C123AD-335C-4F6F-8C80-16A5B2924B9E}
	EndGlobalSection
EndGlobal
