
Microsoft Visual Studio Solution File, Format Version 12.00
# Visual Studio Version 17
VisualStudioVersion = 17.9.34701.34
MinimumVisualStudioVersion = 10.0.40219.1
Project("{FAE04EC0-301F-11D3-BF4B-00C04F79EFBC}") = "project_1", "project_1\project_1.csproj", "{9DB7D1C2-935D-427B-82BD-03971F69FDB1}"
EndProject
Project("{FAE04EC0-301F-11D3-BF4B-00C04F79EFBC}") = "project_2", "project_2\project_2.csproj", "{69C3F5C3-301B-41E7-9477-FBF7A509ADE2}"
EndProject
Global
	GlobalSection(SolutionConfigurationPlatforms) = preSolution
		Debug|Any CPU = Debug|Any CPU
		Release|Any CPU = Release|Any CPU
	EndGlobalSection
	GlobalSection(ProjectConfigurationPlatforms) = postSolution
		{9DB7D1C2-935D-427B-82BD-03971F69FDB1}.Debug|Any CPU.ActiveCfg = Debug|Any CPU
		{9DB7D1C2-935D-427B-82BD-03971F69FDB1}.Debug|Any CPU.Build.0 = Debug|Any CPU
		{9DB7D1C2-935D-427B-82BD-03971F69FDB1}.Release|Any CPU.ActiveCfg = Release|Any CPU
		{9DB7D1C2-935D-427B-82BD-03971F69FDB1}.Release|Any CPU.Build.0 = Release|Any CPU
		{69C3F5C3-301B-41E7-9477-FBF7A509ADE2}.Debug|Any CPU.ActiveCfg = Debug|Any CPU
		{69C3F5C3-301B-41E7-9477-FBF7A509ADE2}.Debug|Any CPU.Build.0 = Debug|Any CPU
		{69C3F5C3-301B-41E7-9477-FBF7A509ADE2}.Release|Any CPU.ActiveCfg = Release|Any CPU
		{69C3F5C3-301B-41E7-9477-FBF7A509ADE2}.Release|Any CPU.Build.0 = Release|Any CPU
	EndGlobalSection
	GlobalSection(SolutionProperties) = preSolution
		HideSolutionNode = FALSE
	EndGlobalSection
	GlobalSection(ExtensibilityGlobals) = postSolution
		SolutionGuid = {D427183E-D7AE-46D6-BA0E-FBE422C577D1}
	EndGlobalSection
EndGlobal
